
Microsoft Visual Studio Solution File, Format Version 12.00
# Visual Studio Version 16
VisualStudioVersion = 16.0.31205.134
MinimumVisualStudioVersion = 10.0.40219.1
Project("{F184B08F-C81C-45F6-A57F-5ABD9991F28F}") = "WS_seidor", "WS_seidor\WS_seidor.vbproj", "{8E8FB342-2F51-486B-A852-C50D389404B7}"
EndProject
Global
	GlobalSection(SolutionConfigurationPlatforms) = preSolution
		Debug|Any CPU = Debug|Any CPU
		Release|Any CPU = Release|Any CPU
	EndGlobalSection
	GlobalSection(ProjectConfigurationPlatforms) = postSolution
		{8E8FB342-2F51-486B-A852-C50D389404B7}.Debug|Any CPU.ActiveCfg = Debug|Any CPU
		{8E8FB342-2F51-486B-A852-C50D389404B7}.Debug|Any CPU.Build.0 = Debug|Any CPU
		{8E8FB342-2F51-486B-A852-C50D389404B7}.Release|Any CPU.ActiveCfg = Release|Any CPU
		{8E8FB342-2F51-486B-A852-C50D389404B7}.Release|Any CPU.Build.0 = Release|Any CPU
	EndGlobalSection
	GlobalSection(SolutionProperties) = preSolution
		HideSolutionNode = FALSE
	EndGlobalSection
	GlobalSection(ExtensibilityGlobals) = postSolution
		SolutionGuid = {0630B5DD-01CE-4FAE-9B39-1D4D053A5EBF}
	EndGlobalSection
EndGlobal
